
Microsoft Visual Studio Solution File, Format Version 12.00
# Visual Studio Version 17
VisualStudioVersion = 17.5.33516.290
MinimumVisualStudioVersion = 10.0.40219.1
Project("{9A19103F-16F7-4668-BE54-9A1E7A4F7556}") = "Catalog.API", "Services\Catalog\Catalog.API\Catalog.API.csproj", "{E1DC2B99-4757-4DD2-A6AC-CCB5E49CE3C5}"
EndProject
Project("{FAE04EC0-301F-11D3-BF4B-00C04F79EFBC}") = "Basket.API", "Services\Basket\Basket.API\Basket.API.csproj", "{03E9A753-3511-4C33-9C19-3A2E23B99F4C}"
EndProject
Global
	GlobalSection(SolutionConfigurationPlatforms) = preSolution
		Debug|Any CPU = Debug|Any CPU
		Release|Any CPU = Release|Any CPU
	EndGlobalSection
	GlobalSection(ProjectConfigurationPlatforms) = postSolution
		{E1DC2B99-4757-4DD2-A6AC-CCB5E49CE3C5}.Debug|Any CPU.ActiveCfg = Debug|Any CPU
		{E1DC2B99-4757-4DD2-A6AC-CCB5E49CE3C5}.Debug|Any CPU.Build.0 = Debug|Any CPU
		{E1DC2B99-4757-4DD2-A6AC-CCB5E49CE3C5}.Release|Any CPU.ActiveCfg = Release|Any CPU
		{E1DC2B99-4757-4DD2-A6AC-CCB5E49CE3C5}.Release|Any CPU.Build.0 = Release|Any CPU
		{03E9A753-3511-4C33-9C19-3A2E23B99F4C}.Debug|Any CPU.ActiveCfg = Debug|Any CPU
		{03E9A753-3511-4C33-9C19-3A2E23B99F4C}.Debug|Any CPU.Build.0 = Debug|Any CPU
		{03E9A753-3511-4C33-9C19-3A2E23B99F4C}.Release|Any CPU.ActiveCfg = Release|Any CPU
		{03E9A753-3511-4C33-9C19-3A2E23B99F4C}.Release|Any CPU.Build.0 = Release|Any CPU
	EndGlobalSection
	GlobalSection(SolutionProperties) = preSolution
		HideSolutionNode = FALSE
	EndGlobalSection
	GlobalSection(ExtensibilityGlobals) = postSolution
		SolutionGuid = {06E7E4A5-25E7-47A5-9576-51882249811A}
	EndGlobalSection
EndGlobal
