
Microsoft Visual Studio Solution File, Format Version 12.00
# Visual Studio Version 17
VisualStudioVersion = 17.5.33516.290
MinimumVisualStudioVersion = 10.0.40219.1
Project("{9A19103F-16F7-4668-BE54-9A1E7A4F7556}") = "Catalog.API", "Services\Catalog\Catalog.API\Catalog.API.csproj", "{E1DC2B99-4757-4DD2-A6AC-CCB5E49CE3C5}"
EndProject
Project("{9A19103F-16F7-4668-BE54-9A1E7A4F7556}") = "Basket.API", "Services\Basket\Basket.API\Basket.API.csproj", "{03E9A753-3511-4C33-9C19-3A2E23B99F4C}"
EndProject
Project("{E53339B2-1760-4266-BCC7-CA923CBCF16C}") = "docker-compose", "docker-compose.dcproj", "{A1495301-16AE-4CE6-BCA7-1C7BEEA211C7}"
EndProject
Project("{2150E333-8FDC-42A3-9474-1A3956D46DE8}") = "Services", "Services", "{2A6CD981-596F-4BDA-A896-FF7FABF212F0}"
EndProject
Project("{2150E333-8FDC-42A3-9474-1A3956D46DE8}") = "Basket", "Basket", "{2493959C-FCAE-481E-B135-3530304D20AC}"
EndProject
Project("{2150E333-8FDC-42A3-9474-1A3956D46DE8}") = "Catalog", "Catalog", "{028BA802-1466-4093-A611-6A91A52BBA37}"
EndProject
Project("{2150E333-8FDC-42A3-9474-1A3956D46DE8}") = "Discount", "Discount", "{1FEA1DB2-FA99-4583-840D-B510C4FBD415}"
EndProject
Project("{9A19103F-16F7-4668-BE54-9A1E7A4F7556}") = "Discount.Common", "Services\Discount\Discount.Common\Discount.Common.csproj", "{1D29AFBB-30BD-48DE-ABDD-9479227B7F81}"
EndProject
Project("{FAE04EC0-301F-11D3-BF4B-00C04F79EFBC}") = "Discount.API", "Services\Discount\Discount.API\Discount.API.csproj", "{7F67C4ED-2210-43F2-BF95-F47834B75278}"
EndProject
Global
	GlobalSection(SolutionConfigurationPlatforms) = preSolution
		Debug|Any CPU = Debug|Any CPU
		Release|Any CPU = Release|Any CPU
	EndGlobalSection
	GlobalSection(ProjectConfigurationPlatforms) = postSolution
		{E1DC2B99-4757-4DD2-A6AC-CCB5E49CE3C5}.Debug|Any CPU.ActiveCfg = Debug|Any CPU
		{E1DC2B99-4757-4DD2-A6AC-CCB5E49CE3C5}.Debug|Any CPU.Build.0 = Debug|Any CPU
		{E1DC2B99-4757-4DD2-A6AC-CCB5E49CE3C5}.Release|Any CPU.ActiveCfg = Release|Any CPU
		{E1DC2B99-4757-4DD2-A6AC-CCB5E49CE3C5}.Release|Any CPU.Build.0 = Release|Any CPU
		{03E9A753-3511-4C33-9C19-3A2E23B99F4C}.Debug|Any CPU.ActiveCfg = Debug|Any CPU
		{03E9A753-3511-4C33-9C19-3A2E23B99F4C}.Debug|Any CPU.Build.0 = Debug|Any CPU
		{03E9A753-3511-4C33-9C19-3A2E23B99F4C}.Release|Any CPU.ActiveCfg = Release|Any CPU
		{03E9A753-3511-4C33-9C19-3A2E23B99F4C}.Release|Any CPU.Build.0 = Release|Any CPU
		{A1495301-16AE-4CE6-BCA7-1C7BEEA211C7}.Debug|Any CPU.ActiveCfg = Debug|Any CPU
		{A1495301-16AE-4CE6-BCA7-1C7BEEA211C7}.Debug|Any CPU.Build.0 = Debug|Any CPU
		{A1495301-16AE-4CE6-BCA7-1C7BEEA211C7}.Release|Any CPU.ActiveCfg = Release|Any CPU
		{A1495301-16AE-4CE6-BCA7-1C7BEEA211C7}.Release|Any CPU.Build.0 = Release|Any CPU
		{1D29AFBB-30BD-48DE-ABDD-9479227B7F81}.Debug|Any CPU.ActiveCfg = Debug|Any CPU
		{1D29AFBB-30BD-48DE-ABDD-9479227B7F81}.Debug|Any CPU.Build.0 = Debug|Any CPU
		{1D29AFBB-30BD-48DE-ABDD-9479227B7F81}.Release|Any CPU.ActiveCfg = Release|Any CPU
		{1D29AFBB-30BD-48DE-ABDD-9479227B7F81}.Release|Any CPU.Build.0 = Release|Any CPU
		{7F67C4ED-2210-43F2-BF95-F47834B75278}.Debug|Any CPU.ActiveCfg = Debug|Any CPU
		{7F67C4ED-2210-43F2-BF95-F47834B75278}.Debug|Any CPU.Build.0 = Debug|Any CPU
		{7F67C4ED-2210-43F2-BF95-F47834B75278}.Release|Any CPU.ActiveCfg = Release|Any CPU
		{7F67C4ED-2210-43F2-BF95-F47834B75278}.Release|Any CPU.Build.0 = Release|Any CPU
	EndGlobalSection
	GlobalSection(SolutionProperties) = preSolution
		HideSolutionNode = FALSE
	EndGlobalSection
	GlobalSection(NestedProjects) = preSolution
		{E1DC2B99-4757-4DD2-A6AC-CCB5E49CE3C5} = {028BA802-1466-4093-A611-6A91A52BBA37}
		{03E9A753-3511-4C33-9C19-3A2E23B99F4C} = {2493959C-FCAE-481E-B135-3530304D20AC}
		{2493959C-FCAE-481E-B135-3530304D20AC} = {2A6CD981-596F-4BDA-A896-FF7FABF212F0}
		{028BA802-1466-4093-A611-6A91A52BBA37} = {2A6CD981-596F-4BDA-A896-FF7FABF212F0}
		{1FEA1DB2-FA99-4583-840D-B510C4FBD415} = {2A6CD981-596F-4BDA-A896-FF7FABF212F0}
		{1D29AFBB-30BD-48DE-ABDD-9479227B7F81} = {1FEA1DB2-FA99-4583-840D-B510C4FBD415}
		{7F67C4ED-2210-43F2-BF95-F47834B75278} = {1FEA1DB2-FA99-4583-840D-B510C4FBD415}
	EndGlobalSection
	GlobalSection(ExtensibilityGlobals) = postSolution
		SolutionGuid = {06E7E4A5-25E7-47A5-9576-51882249811A}
	EndGlobalSection
EndGlobal
